
Microsoft Visual Studio Solution File, Format Version 12.00
# Visual Studio Version 17
VisualStudioVersion = 17.2.32630.192
MinimumVisualStudioVersion = 10.0.40219.1
Project("{FAE04EC0-301F-11D3-BF4B-00C04F79EFBC}") = "proje", "proje\proje.csproj", "{EE3BB74B-0198-4853-B5A1-111CD6996C5F}"
EndProject
Global
	GlobalSection(SolutionConfigurationPlatforms) = preSolution
		Debug|Any CPU = Debug|Any CPU
		Release|Any CPU = Release|Any CPU
	EndGlobalSection
	GlobalSection(ProjectConfigurationPlatforms) = postSolution
		{EE3BB74B-0198-4853-B5A1-111CD6996C5F}.Debug|Any CPU.ActiveCfg = Debug|Any CPU
		{EE3BB74B-0198-4853-B5A1-111CD6996C5F}.Debug|Any CPU.Build.0 = Debug|Any CPU
		{EE3BB74B-0198-4853-B5A1-111CD6996C5F}.Release|Any CPU.ActiveCfg = Release|Any CPU
		{EE3BB74B-0198-4853-B5A1-111CD6996C5F}.Release|Any CPU.Build.0 = Release|Any CPU
	EndGlobalSection
	GlobalSection(SolutionProperties) = preSolution
		HideSolutionNode = FALSE
	EndGlobalSection
	GlobalSection(ExtensibilityGlobals) = postSolution
		SolutionGuid = {D9FBF417-455A-47BE-8AC6-B150DF823369}
	EndGlobalSection
EndGlobal
