
Microsoft Visual Studio Solution File, Format Version 12.00
# Visual Studio Version 17
VisualStudioVersion = 17.2.32630.192
MinimumVisualStudioVersion = 10.0.40219.1
Project("{FAE04EC0-301F-11D3-BF4B-00C04F79EFBC}") = "wlppr  kilitleme 1", "wlppr  kilitleme 1\wlppr  kilitleme 1.csproj", "{3AD76801-4111-48F4-B1ED-E66FCF8E6A1E}"
EndProject
Global
	GlobalSection(SolutionConfigurationPlatforms) = preSolution
		Debug|Any CPU = Debug|Any CPU
		Release|Any CPU = Release|Any CPU
	EndGlobalSection
	GlobalSection(ProjectConfigurationPlatforms) = postSolution
		{3AD76801-4111-48F4-B1ED-E66FCF8E6A1E}.Debug|Any CPU.ActiveCfg = Debug|Any CPU
		{3AD76801-4111-48F4-B1ED-E66FCF8E6A1E}.Debug|Any CPU.Build.0 = Debug|Any CPU
		{3AD76801-4111-48F4-B1ED-E66FCF8E6A1E}.Release|Any CPU.ActiveCfg = Release|Any CPU
		{3AD76801-4111-48F4-B1ED-E66FCF8E6A1E}.Release|Any CPU.Build.0 = Release|Any CPU
	EndGlobalSection
	GlobalSection(SolutionProperties) = preSolution
		HideSolutionNode = FALSE
	EndGlobalSection
	GlobalSection(ExtensibilityGlobals) = postSolution
		SolutionGuid = {DF1471E8-6ECF-434F-A6BB-61E6515CF00A}
	EndGlobalSection
EndGlobal
