
Microsoft Visual Studio Solution File, Format Version 12.00
# Visual Studio Version 17
VisualStudioVersion = 17.5.33627.172
MinimumVisualStudioVersion = 10.0.40219.1
Project("{FAE04EC0-301F-11D3-BF4B-00C04F79EFBC}") = "loops", "loops\loops.csproj", "{2D354B98-6F9F-4D3F-B75F-C96D9B66A209}"
EndProject
Global
	GlobalSection(SolutionConfigurationPlatforms) = preSolution
		Debug|Any CPU = Debug|Any CPU
		Release|Any CPU = Release|Any CPU
	EndGlobalSection
	GlobalSection(ProjectConfigurationPlatforms) = postSolution
		{2D354B98-6F9F-4D3F-B75F-C96D9B66A209}.Debug|Any CPU.ActiveCfg = Debug|Any CPU
		{2D354B98-6F9F-4D3F-B75F-C96D9B66A209}.Debug|Any CPU.Build.0 = Debug|Any CPU
		{2D354B98-6F9F-4D3F-B75F-C96D9B66A209}.Release|Any CPU.ActiveCfg = Release|Any CPU
		{2D354B98-6F9F-4D3F-B75F-C96D9B66A209}.Release|Any CPU.Build.0 = Release|Any CPU
	EndGlobalSection
	GlobalSection(SolutionProperties) = preSolution
		HideSolutionNode = FALSE
	EndGlobalSection
	GlobalSection(ExtensibilityGlobals) = postSolution
		SolutionGuid = {C08B9D0A-FE00-42CF-8D3A-1B5EBA0F3A66}
	EndGlobalSection
EndGlobal
