
Microsoft Visual Studio Solution File, Format Version 12.00
# Visual Studio Version 17
VisualStudioVersion = 17.2.32630.192
MinimumVisualStudioVersion = 10.0.40219.1
Project("{FAE04EC0-301F-11D3-BF4B-00C04F79EFBC}") = "evetg", "evetg\evetg.csproj", "{D3DCA161-9E3B-4C91-A9DF-667A0173E85D}"
EndProject
Global
	GlobalSection(SolutionConfigurationPlatforms) = preSolution
		Debug|Any CPU = Debug|Any CPU
		Release|Any CPU = Release|Any CPU
	EndGlobalSection
	GlobalSection(ProjectConfigurationPlatforms) = postSolution
		{D3DCA161-9E3B-4C91-A9DF-667A0173E85D}.Debug|Any CPU.ActiveCfg = Debug|Any CPU
		{D3DCA161-9E3B-4C91-A9DF-667A0173E85D}.Debug|Any CPU.Build.0 = Debug|Any CPU
		{D3DCA161-9E3B-4C91-A9DF-667A0173E85D}.Release|Any CPU.ActiveCfg = Release|Any CPU
		{D3DCA161-9E3B-4C91-A9DF-667A0173E85D}.Release|Any CPU.Build.0 = Release|Any CPU
	EndGlobalSection
	GlobalSection(SolutionProperties) = preSolution
		HideSolutionNode = FALSE
	EndGlobalSection
	GlobalSection(ExtensibilityGlobals) = postSolution
		SolutionGuid = {ABB29044-91F4-47AE-A3CC-6ABE60AE5A29}
	EndGlobalSection
EndGlobal
