
Microsoft Visual Studio Solution File, Format Version 12.00
# Visual Studio Version 17
VisualStudioVersion = 17.4.33205.214
MinimumVisualStudioVersion = 10.0.40219.1
Project("{FAE04EC0-301F-11D3-BF4B-00C04F79EFBC}") = "konsolkonsol", "konsolkonsol\konsolkonsol.csproj", "{77ED9B48-161D-40BC-8919-31C07500F2F0}"
EndProject
Global
	GlobalSection(SolutionConfigurationPlatforms) = preSolution
		Debug|Any CPU = Debug|Any CPU
		Release|Any CPU = Release|Any CPU
	EndGlobalSection
	GlobalSection(ProjectConfigurationPlatforms) = postSolution
		{77ED9B48-161D-40BC-8919-31C07500F2F0}.Debug|Any CPU.ActiveCfg = Debug|Any CPU
		{77ED9B48-161D-40BC-8919-31C07500F2F0}.Debug|Any CPU.Build.0 = Debug|Any CPU
		{77ED9B48-161D-40BC-8919-31C07500F2F0}.Release|Any CPU.ActiveCfg = Release|Any CPU
		{77ED9B48-161D-40BC-8919-31C07500F2F0}.Release|Any CPU.Build.0 = Release|Any CPU
	EndGlobalSection
	GlobalSection(SolutionProperties) = preSolution
		HideSolutionNode = FALSE
	EndGlobalSection
	GlobalSection(ExtensibilityGlobals) = postSolution
		SolutionGuid = {5174A7A6-6AAE-49F4-90E9-93ACB22B273E}
	EndGlobalSection
EndGlobal
