
Microsoft Visual Studio Solution File, Format Version 12.00
# Visual Studio Version 17
VisualStudioVersion = 17.5.33627.172
MinimumVisualStudioVersion = 10.0.40219.1
Project("{FAE04EC0-301F-11D3-BF4B-00C04F79EFBC}") = "okul", "okul\okul.csproj", "{86D5B31D-C053-4D27-9C40-A0DD0E088C2A}"
EndProject
Global
	GlobalSection(SolutionConfigurationPlatforms) = preSolution
		Debug|Any CPU = Debug|Any CPU
		Release|Any CPU = Release|Any CPU
	EndGlobalSection
	GlobalSection(ProjectConfigurationPlatforms) = postSolution
		{86D5B31D-C053-4D27-9C40-A0DD0E088C2A}.Debug|Any CPU.ActiveCfg = Debug|Any CPU
		{86D5B31D-C053-4D27-9C40-A0DD0E088C2A}.Debug|Any CPU.Build.0 = Debug|Any CPU
		{86D5B31D-C053-4D27-9C40-A0DD0E088C2A}.Release|Any CPU.ActiveCfg = Release|Any CPU
		{86D5B31D-C053-4D27-9C40-A0DD0E088C2A}.Release|Any CPU.Build.0 = Release|Any CPU
	EndGlobalSection
	GlobalSection(SolutionProperties) = preSolution
		HideSolutionNode = FALSE
	EndGlobalSection
	GlobalSection(ExtensibilityGlobals) = postSolution
		SolutionGuid = {7A8D8E57-2E62-4B9B-9B92-B496B2C1D3B7}
	EndGlobalSection
EndGlobal
