
Microsoft Visual Studio Solution File, Format Version 12.00
# Visual Studio Version 17
VisualStudioVersion = 17.2.32630.192
MinimumVisualStudioVersion = 10.0.40219.1
Project("{FAE04EC0-301F-11D3-BF4B-00C04F79EFBC}") = "sınıflaaar", "sınıflaaar\sınıflaaar.csproj", "{FD276C94-DE4A-4E35-B065-0BA54B817EEF}"
EndProject
Global
	GlobalSection(SolutionConfigurationPlatforms) = preSolution
		Debug|Any CPU = Debug|Any CPU
		Release|Any CPU = Release|Any CPU
	EndGlobalSection
	GlobalSection(ProjectConfigurationPlatforms) = postSolution
		{FD276C94-DE4A-4E35-B065-0BA54B817EEF}.Debug|Any CPU.ActiveCfg = Debug|Any CPU
		{FD276C94-DE4A-4E35-B065-0BA54B817EEF}.Debug|Any CPU.Build.0 = Debug|Any CPU
		{FD276C94-DE4A-4E35-B065-0BA54B817EEF}.Release|Any CPU.ActiveCfg = Release|Any CPU
		{FD276C94-DE4A-4E35-B065-0BA54B817EEF}.Release|Any CPU.Build.0 = Release|Any CPU
	EndGlobalSection
	GlobalSection(SolutionProperties) = preSolution
		HideSolutionNode = FALSE
	EndGlobalSection
	GlobalSection(ExtensibilityGlobals) = postSolution
		SolutionGuid = {1C523C06-0099-4F42-9F32-281DBB3A97E4}
	EndGlobalSection
EndGlobal
